{
  "name": "blank-nodejs",
  "version": "1.0.0",
  "lockfileVersion": 3,
  "requires": true,
  "packages": {
    "": {
      "name": "blank-nodejs",
      "version": "1.0.0",
      "dependencies": {
        "blank-nodejs": "file:"
      }
    },
    "node_modules/blank-nodejs": {
      "resolved": "",
      "link": true
    }
  }
}
